
Microsoft Visual Studio Solution File, Format Version 12.00
# Visual Studio Version 17
VisualStudioVersion = 17.12.35527.113
MinimumVisualStudioVersion = 10.0.40219.1
Project("{FAE04EC0-301F-11D3-BF4B-00C04F79EFBC}") = "To_Do_List", "To_Do_List\To_Do_List.csproj", "{69169271-7001-44E7-BC61-81C88851CE2C}"
EndProject
Project("{FAE04EC0-301F-11D3-BF4B-00C04F79EFBC}") = "DataAcessLayer", "DataAcessLayer\DataAcessLayer.csproj", "{513F2B24-ED36-4A02-8308-132AA2217C4B}"
EndProject
Project("{FAE04EC0-301F-11D3-BF4B-00C04F79EFBC}") = "DataBusinesLayer", "DataBusinesLayer\DataBusinesLayer.csproj", "{1532047E-7846-4B18-B3DD-F51F22538C6E}"
EndProject
Global
	GlobalSection(SolutionConfigurationPlatforms) = preSolution
		Debug|Any CPU = Debug|Any CPU
		Release|Any CPU = Release|Any CPU
	EndGlobalSection
	GlobalSection(ProjectConfigurationPlatforms) = postSolution
		{69169271-7001-44E7-BC61-81C88851CE2C}.Debug|Any CPU.ActiveCfg = Debug|Any CPU
		{69169271-7001-44E7-BC61-81C88851CE2C}.Debug|Any CPU.Build.0 = Debug|Any CPU
		{69169271-7001-44E7-BC61-81C88851CE2C}.Release|Any CPU.ActiveCfg = Release|Any CPU
		{69169271-7001-44E7-BC61-81C88851CE2C}.Release|Any CPU.Build.0 = Release|Any CPU
		{513F2B24-ED36-4A02-8308-132AA2217C4B}.Debug|Any CPU.ActiveCfg = Debug|Any CPU
		{513F2B24-ED36-4A02-8308-132AA2217C4B}.Debug|Any CPU.Build.0 = Debug|Any CPU
		{513F2B24-ED36-4A02-8308-132AA2217C4B}.Release|Any CPU.ActiveCfg = Release|Any CPU
		{513F2B24-ED36-4A02-8308-132AA2217C4B}.Release|Any CPU.Build.0 = Release|Any CPU
		{1532047E-7846-4B18-B3DD-F51F22538C6E}.Debug|Any CPU.ActiveCfg = Debug|Any CPU
		{1532047E-7846-4B18-B3DD-F51F22538C6E}.Debug|Any CPU.Build.0 = Debug|Any CPU
		{1532047E-7846-4B18-B3DD-F51F22538C6E}.Release|Any CPU.ActiveCfg = Release|Any CPU
		{1532047E-7846-4B18-B3DD-F51F22538C6E}.Release|Any CPU.Build.0 = Release|Any CPU
	EndGlobalSection
	GlobalSection(SolutionProperties) = preSolution
		HideSolutionNode = FALSE
	EndGlobalSection
	GlobalSection(ExtensibilityGlobals) = postSolution
		SolutionGuid = {D66A35F2-9518-4077-A589-CDA206DBE7D2}
	EndGlobalSection
EndGlobal
